// !$*UTF8*$!
{
	archiveVersion = 1;
	classes = {
	};
	objectVersion = 50;
	objects = {

/* Begin PBXBuildFile section */
		233020E7228762920050393D /* court.png in Resources */ = {isa = PBXBuildFile; fileRef = 233020E6228762920050393D /* court.png */; };
		233020E922876A730050393D /* arrow.png in Resources */ = {isa = PBXBuildFile; fileRef = 233020E822876A730050393D /* arrow.png */; };
		233020EB22877C540050393D /* nets.png in Resources */ = {isa = PBXBuildFile; fileRef = 233020EA22877C530050393D /* nets.png */; };
		233020ED22877C5C0050393D /* warriors.png in Resources */ = {isa = PBXBuildFile; fileRef = 233020EC22877C5B0050393D /* warriors.png */; };
		233020EF228783C50050393D /* dlo.png in Resources */ = {isa = PBXBuildFile; fileRef = 233020EE228783C30050393D /* dlo.png */; };
		233020F1228783C80050393D /* kd.png in Resources */ = {isa = PBXBuildFile; fileRef = 233020F0228783C80050393D /* kd.png */; };
		239FEE412282202E00361E29 /* AppDelegate.m in Sources */ = {isa = PBXBuildFile; fileRef = 239FEE402282202E00361E29 /* AppDelegate.m */; };
		239FEE442282202E00361E29 /* RootViewController.m in Sources */ = {isa = PBXBuildFile; fileRef = 239FEE432282202E00361E29 /* RootViewController.m */; };
		239FEE472282202E00361E29 /* DataViewController.m in Sources */ = {isa = PBXBuildFile; fileRef = 239FEE462282202E00361E29 /* DataViewController.m */; };
		239FEE4A2282202E00361E29 /* ModelController.m in Sources */ = {isa = PBXBuildFile; fileRef = 239FEE492282202E00361E29 /* ModelController.m */; };
		239FEE4D2282202E00361E29 /* Main.storyboard in Resources */ = {isa = PBXBuildFile; fileRef = 239FEE4B2282202E00361E29 /* Main.storyboard */; };
		239FEE4F2282203100361E29 /* Assets.xcassets in Resources */ = {isa = PBXBuildFile; fileRef = 239FEE4E2282203100361E29 /* Assets.xcassets */; };
		239FEE522282203100361E29 /* LaunchScreen.storyboard in Resources */ = {isa = PBXBuildFile; fileRef = 239FEE502282203100361E29 /* LaunchScreen.storyboard */; };
		239FEE552282203100361E29 /* main.m in Sources */ = {isa = PBXBuildFile; fileRef = 239FEE542282203100361E29 /* main.m */; };
/* End PBXBuildFile section */

/* Begin PBXFileReference section */
		233020E6228762920050393D /* court.png */ = {isa = PBXFileReference; lastKnownFileType = image.png; name = court.png; path = ../../../../Downloads/court.png; sourceTree = "<group>"; };
		233020E822876A730050393D /* arrow.png */ = {isa = PBXFileReference; lastKnownFileType = image.png; name = arrow.png; path = ../../../../Downloads/arrow.png; sourceTree = "<group>"; };
		233020EA22877C530050393D /* nets.png */ = {isa = PBXFileReference; lastKnownFileType = image.png; name = nets.png; path = ../../../../Downloads/nets.png; sourceTree = "<group>"; };
		233020EC22877C5B0050393D /* warriors.png */ = {isa = PBXFileReference; lastKnownFileType = image.png; name = warriors.png; path = ../../../../Downloads/warriors.png; sourceTree = "<group>"; };
		233020EE228783C30050393D /* dlo.png */ = {isa = PBXFileReference; lastKnownFileType = image.png; name = dlo.png; path = ../../../../Downloads/dlo.png; sourceTree = "<group>"; };
		233020F0228783C80050393D /* kd.png */ = {isa = PBXFileReference; lastKnownFileType = image.png; name = kd.png; path = ../../../../Downloads/kd.png; sourceTree = "<group>"; };
		239FEE3C2282202E00361E29 /* cs441_assignment7.app */ = {isa = PBXFileReference; explicitFileType = wrapper.application; includeInIndex = 0; path = cs441_assignment7.app; sourceTree = BUILT_PRODUCTS_DIR; };
		239FEE3F2282202E00361E29 /* AppDelegate.h */ = {isa = PBXFileReference; lastKnownFileType = sourcecode.c.h; path = AppDelegate.h; sourceTree = "<group>"; };
		239FEE402282202E00361E29 /* AppDelegate.m */ = {isa = PBXFileReference; lastKnownFileType = sourcecode.c.objc; path = AppDelegate.m; sourceTree = "<group>"; };
		239FEE422282202E00361E29 /* RootViewController.h */ = {isa = PBXFileReference; lastKnownFileType = sourcecode.c.h; path = RootViewController.h; sourceTree = "<group>"; };
		239FEE432282202E00361E29 /* RootViewController.m */ = {isa = PBXFileReference; lastKnownFileType = sourcecode.c.objc; path = RootViewController.m; sourceTree = "<group>"; };
		239FEE452282202E00361E29 /* DataViewController.h */ = {isa = PBXFileReference; lastKnownFileType = sourcecode.c.h; path = DataViewController.h; sourceTree = "<group>"; };
		239FEE462282202E00361E29 /* DataViewController.m */ = {isa = PBXFileReference; lastKnownFileType = sourcecode.c.objc; path = DataViewController.m; sourceTree = "<group>"; };
		239FEE482282202E00361E29 /* ModelController.h */ = {isa = PBXFileReference; lastKnownFileType = sourcecode.c.h; path = ModelController.h; sourceTree = "<group>"; };
		239FEE492282202E00361E29 /* ModelController.m */ = {isa = PBXFileReference; lastKnownFileType = sourcecode.c.objc; path = ModelController.m; sourceTree = "<group>"; };
		239FEE4C2282202E00361E29 /* Base */ = {isa = PBXFileReference; lastKnownFileType = file.storyboard; name = Base; path = Base.lproj/Main.storyboard; sourceTree = "<group>"; };
		239FEE4E2282203100361E29 /* Assets.xcassets */ = {isa = PBXFileReference; lastKnownFileType = folder.assetcatalog; path = Assets.xcassets; sourceTree = "<group>"; };
		239FEE512282203100361E29 /* Base */ = {isa = PBXFileReference; lastKnownFileType = file.storyboard; name = Base; path = Base.lproj/LaunchScreen.storyboard; sourceTree = "<group>"; };
		239FEE532282203100361E29 /* Info.plist */ = {isa = PBXFileReference; lastKnownFileType = text.plist.xml; path = Info.plist; sourceTree = "<group>"; };
		239FEE542282203100361E29 /* main.m */ = {isa = PBXFileReference; lastKnownFileType = sourcecode.c.objc; path = main.m; sourceTree = "<group>"; };
/* End PBXFileReference section */

/* Begin PBXFrameworksBuildPhase section */
		239FEE392282202E00361E29 /* Frameworks */ = {
			isa = PBXFrameworksBuildPhase;
			buildActionMask = 2147483647;
			files = (
			);
			runOnlyForDeploymentPostprocessing = 0;
		};
/* End PBXFrameworksBuildPhase section */

/* Begin PBXGroup section */
		239FEE332282202D00361E29 = {
			isa = PBXGroup;
			children = (
				239FEE3E2282202E00361E29 /* cs441_assignment7 */,
				239FEE3D2282202E00361E29 /* Products */,
			);
			sourceTree = "<group>";
		};
		239FEE3D2282202E00361E29 /* Products */ = {
			isa = PBXGroup;
			children = (
				239FEE3C2282202E00361E29 /* cs441_assignment7.app */,
			);
			name = Products;
			sourceTree = "<group>";
		};
		239FEE3E2282202E00361E29 /* cs441_assignment7 */ = {
			isa = PBXGroup;
			children = (
				233020EC22877C5B0050393D /* warriors.png */,
				233020EA22877C530050393D /* nets.png */,
				233020E822876A730050393D /* arrow.png */,
				233020EE228783C30050393D /* dlo.png */,
				233020E6228762920050393D /* court.png */,
				233020F0228783C80050393D /* kd.png */,
				239FEE3F2282202E00361E29 /* AppDelegate.h */,
				239FEE402282202E00361E29 /* AppDelegate.m */,
				239FEE422282202E00361E29 /* RootViewController.h */,
				239FEE432282202E00361E29 /* RootViewController.m */,
				239FEE452282202E00361E29 /* DataViewController.h */,
				239FEE462282202E00361E29 /* DataViewController.m */,
				239FEE482282202E00361E29 /* ModelController.h */,
				239FEE492282202E00361E29 /* ModelController.m */,
				239FEE4B2282202E00361E29 /* Main.storyboard */,
				239FEE4E2282203100361E29 /* Assets.xcassets */,
				239FEE502282203100361E29 /* LaunchScreen.storyboard */,
				239FEE532282203100361E29 /* Info.plist */,
				239FEE542282203100361E29 /* main.m */,
			);
			path = cs441_assignment7;
			sourceTree = "<group>";
		};
/* End PBXGroup section */

/* Begin PBXNativeTarget section */
		239FEE3B2282202E00361E29 /* cs441_assignment7 */ = {
			isa = PBXNativeTarget;
			buildConfigurationList = 239FEE582282203100361E29 /* Build configuration list for PBXNativeTarget "cs441_assignment7" */;
			buildPhases = (
				239FEE382282202E00361E29 /* Sources */,
				239FEE392282202E00361E29 /* Frameworks */,
				239FEE3A2282202E00361E29 /* Resources */,
			);
			buildRules = (
			);
			dependencies = (
			);
			name = cs441_assignment7;
			productName = cs441_assignment7;
			productReference = 239FEE3C2282202E00361E29 /* cs441_assignment7.app */;
			productType = "com.apple.product-type.application";
		};
/* End PBXNativeTarget section */

/* Begin PBXProject section */
		239FEE342282202D00361E29 /* Project object */ = {
			isa = PBXProject;
			attributes = {
				LastUpgradeCheck = 1020;
				ORGANIZATIONNAME = "Kevin Wu";
				TargetAttributes = {
					239FEE3B2282202E00361E29 = {
						CreatedOnToolsVersion = 10.2.1;
					};
				};
			};
			buildConfigurationList = 239FEE372282202D00361E29 /* Build configuration list for PBXProject "cs441_assignment7" */;
			compatibilityVersion = "Xcode 9.3";
			developmentRegion = en;
			hasScannedForEncodings = 0;
			knownRegions = (
				en,
				Base,
			);
			mainGroup = 239FEE332282202D00361E29;
			productRefGroup = 239FEE3D2282202E00361E29 /* Products */;
			projectDirPath = "";
			projectRoot = "";
			targets = (
				239FEE3B2282202E00361E29 /* cs441_assignment7 */,
			);
		};
/* End PBXProject section */

/* Begin PBXResourcesBuildPhase section */
		239FEE3A2282202E00361E29 /* Resources */ = {
			isa = PBXResourcesBuildPhase;
			buildActionMask = 2147483647;
			files = (
				239FEE522282203100361E29 /* LaunchScreen.storyboard in Resources */,
				233020EF228783C50050393D /* dlo.png in Resources */,
				233020E7228762920050393D /* court.png in Resources */,
				239FEE4F2282203100361E29 /* Assets.xcassets in Resources */,
				233020ED22877C5C0050393D /* warriors.png in Resources */,
				233020F1228783C80050393D /* kd.png in Resources */,
				233020E922876A730050393D /* arrow.png in Resources */,
				239FEE4D2282202E00361E29 /* Main.storyboard in Resources */,
				233020EB22877C540050393D /* nets.png in Resources */,
			);
			runOnlyForDeploymentPostprocessing = 0;
		};
/* End PBXResourcesBuildPhase section */

/* Begin PBXSourcesBuildPhase section */
		239FEE382282202E00361E29 /* Sources */ = {
			isa = PBXSourcesBuildPhase;
			buildActionMask = 2147483647;
			files = (
				239FEE552282203100361E29 /* main.m in Sources */,
				239FEE442282202E00361E29 /* RootViewController.m in Sources */,
				239FEE4A2282202E00361E29 /* ModelController.m in Sources */,
				239FEE472282202E00361E29 /* DataViewController.m in Sources */,
				239FEE412282202E00361E29 /* AppDelegate.m in Sources */,
			);
			runOnlyForDeploymentPostprocessing = 0;
		};
/* End PBXSourcesBuildPhase section */

/* Begin PBXVariantGroup section */
		239FEE4B2282202E00361E29 /* Main.storyboard */ = {
			isa = PBXVariantGroup;
			children = (
				239FEE4C2282202E00361E29 /* Base */,
			);
			name = Main.storyboard;
			sourceTree = "<group>";
		};
		239FEE502282203100361E29 /* LaunchScreen.storyboard */ = {
			isa = PBXVariantGroup;
			children = (
				239FEE512282203100361E29 /* Base */,
			);
			name = LaunchScreen.storyboard;
			sourceTree = "<group>";
		};
/* End PBXVariantGroup section */

/* Begin XCBuildConfiguration section */
		239FEE562282203100361E29 /* Debug */ = {
			isa = XCBuildConfiguration;
			buildSettings = {
				ALWAYS_SEARCH_USER_PATHS = NO;
				CLANG_ANALYZER_NONNULL = YES;
				CLANG_ANALYZER_NUMBER_OBJECT_CONVERSION = YES_AGGRESSIVE;
				CLANG_CXX_LANGUAGE_STANDARD = "gnu++14";
				CLANG_CXX_LIBRARY = "libc++";
				CLANG_ENABLE_MODULES = YES;
				CLANG_ENABLE_OBJC_ARC = YES;
				CLANG_ENABLE_OBJC_WEAK = YES;
				CLANG_WARN_BLOCK_CAPTURE_AUTORELEASING = YES;
				CLANG_WARN_BOOL_CONVERSION = YES;
				CLANG_WARN_COMMA = YES;
				CLANG_WARN_CONSTANT_CONVERSION = YES;
				CLANG_WARN_DEPRECATED_OBJC_IMPLEMENTATIONS = YES;
				CLANG_WARN_DIRECT_OBJC_ISA_USAGE = YES_ERROR;
				CLANG_WARN_DOCUMENTATION_COMMENTS = YES;
				CLANG_WARN_EMPTY_BODY = YES;
				CLANG_WARN_ENUM_CONVERSION = YES;
				CLANG_WARN_INFINITE_RECURSION = YES;
				CLANG_WARN_INT_CONVERSION = YES;
				CLANG_WARN_NON_LITERAL_NULL_CONVERSION = YES;
				CLANG_WARN_OBJC_IMPLICIT_RETAIN_SELF = YES;
				CLANG_WARN_OBJC_LITERAL_CONVERSION = YES;
				CLANG_WARN_OBJC_ROOT_CLASS = YES_ERROR;
				CLANG_WARN_RANGE_LOOP_ANALYSIS = YES;
				CLANG_WARN_STRICT_PROTOTYPES = YES;
				CLANG_WARN_SUSPICIOUS_MOVE = YES;
				CLANG_WARN_UNGUARDED_AVAILABILITY = YES_AGGRESSIVE;
				CLANG_WARN_UNREACHABLE_CODE = YES;
				CLANG_WARN__DUPLICATE_METHOD_MATCH = YES;
				CODE_SIGN_IDENTITY = "iPhone Developer";
				COPY_PHASE_STRIP = NO;
				DEBUG_INFORMATION_FORMAT = dwarf;
				ENABLE_STRICT_OBJC_MSGSEND = YES;
				ENABLE_TESTABILITY = YES;
				GCC_C_LANGUAGE_STANDARD = gnu11;
				GCC_DYNAMIC_NO_PIC = NO;
				GCC_NO_COMMON_BLOCKS = YES;
				GCC_OPTIMIZATION_LEVEL = 0;
				GCC_PREPROCESSOR_DEFINITIONS = (
					"DEBUG=1",
					"$(inherited)",
				);
				GCC_WARN_64_TO_32_BIT_CONVERSION = YES;
				GCC_WARN_ABOUT_RETURN_TYPE = YES_ERROR;
				GCC_WARN_UNDECLARED_SELECTOR = YES;
				GCC_WARN_UNINITIALIZED_AUTOS = YES_AGGRESSIVE;
				GCC_WARN_UNUSED_FUNCTION = YES;
				GCC_WARN_UNUSED_VARIABLE = YES;
				IPHONEOS_DEPLOYMENT_TARGET = 12.2;
				MTL_ENABLE_DEBUG_INFO = INCLUDE_SOURCE;
				MTL_FAST_MATH = YES;
				ONLY_ACTIVE_ARCH = YES;
				SDKROOT = iphoneos;
			};
			name = Debug;
		};
		239FEE572282203100361E29 /* Release */ = {
			isa = XCBuildConfiguration;
			buildSettings = {
				ALWAYS_SEARCH_USER_PATHS = NO;
				CLANG_ANALYZER_NONNULL = YES;
				CLANG_ANALYZER_NUMBER_OBJECT_CONVERSION = YES_AGGRESSIVE;
				CLANG_CXX_LANGUAGE_STANDARD = "gnu++14";
				CLANG_CXX_LIBRARY = "libc++";
				CLANG_ENABLE_MODULES = YES;
				CLANG_ENABLE_OBJC_ARC = YES;
				CLANG_ENABLE_OBJC_WEAK = YES;
				CLANG_WARN_BLOCK_CAPTURE_AUTORELEASING = YES;
				CLANG_WARN_BOOL_CONVERSION = YES;
				CLANG_WARN_COMMA = YES;
				CLANG_WARN_CONSTANT_CONVERSION = YES;
				CLANG_WARN_DEPRECATED_OBJC_IMPLEMENTATIONS = YES;
				CLANG_WARN_DIRECT_OBJC_ISA_USAGE = YES_ERROR;
				CLANG_WARN_DOCUMENTATION_COMMENTS = YES;
				CLANG_WARN_EMPTY_BODY = YES;
				CLANG_WARN_ENUM_CONVERSION = YES;
				CLANG_WARN_INFINITE_RECURSION = YES;
				CLANG_WARN_INT_CONVERSION = YES;
				CLANG_WARN_NON_LITERAL_NULL_CONVERSION = YES;
				CLANG_WARN_OBJC_IMPLICIT_RETAIN_SELF = YES;
				CLANG_WARN_OBJC_LITERAL_CONVERSION = YES;
				CLANG_WARN_OBJC_ROOT_CLASS = YES_ERROR;
				CLANG_WARN_RANGE_LOOP_ANALYSIS = YES;
				CLANG_WARN_STRICT_PROTOTYPES = YES;
				CLANG_WARN_SUSPICIOUS_MOVE = YES;
				CLANG_WARN_UNGUARDED_AVAILABILITY = YES_AGGRESSIVE;
				CLANG_WARN_UNREACHABLE_CODE = YES;
				CLANG_WARN__DUPLICATE_METHOD_MATCH = YES;
				CODE_SIGN_IDENTITY = "iPhone Developer";
				COPY_PHASE_STRIP = NO;
				DEBUG_INFORMATION_FORMAT = "dwarf-with-dsym";
				ENABLE_NS_ASSERTIONS = NO;
				ENABLE_STRICT_OBJC_MSGSEND = YES;
				GCC_C_LANGUAGE_STANDARD = gnu11;
				GCC_NO_COMMON_BLOCKS = YES;
				GCC_WARN_64_TO_32_BIT_CONVERSION = YES;
				GCC_WARN_ABOUT_RETURN_TYPE = YES_ERROR;
				GCC_WARN_UNDECLARED_SELECTOR = YES;
				GCC_WARN_UNINITIALIZED_AUTOS = YES_AGGRESSIVE;
				GCC_WARN_UNUSED_FUNCTION = YES;
				GCC_WARN_UNUSED_VARIABLE = YES;
				IPHONEOS_DEPLOYMENT_TARGET = 12.2;
				MTL_ENABLE_DEBUG_INFO = NO;
				MTL_FAST_MATH = YES;
				SDKROOT = iphoneos;
				VALIDATE_PRODUCT = YES;
			};
			name = Release;
		};
		239FEE592282203100361E29 /* Debug */ = {
			isa = XCBuildConfiguration;
			buildSettings = {
				ASSETCATALOG_COMPILER_APPICON_NAME = AppIcon;
				CODE_SIGN_STYLE = Automatic;
				INFOPLIST_FILE = cs441_assignment7/Info.plist;
				LD_RUNPATH_SEARCH_PATHS = (
					"$(inherited)",
					"@executable_path/Frameworks",
				);
				PRODUCT_BUNDLE_IDENTIFIER = "edu.binghamton.cs.cs441-assignment7";
				PRODUCT_NAME = "$(TARGET_NAME)";
				TARGETED_DEVICE_FAMILY = "1,2";
			};
			name = Debug;
		};
		239FEE5A2282203100361E29 /* Release */ = {
			isa = XCBuildConfiguration;
			buildSettings = {
				ASSETCATALOG_COMPILER_APPICON_NAME = AppIcon;
				CODE_SIGN_STYLE = Automatic;
				INFOPLIST_FILE = cs441_assignment7/Info.plist;
				LD_RUNPATH_SEARCH_PATHS = (
					"$(inherited)",
					"@executable_path/Frameworks",
				);
				PRODUCT_BUNDLE_IDENTIFIER = "edu.binghamton.cs.cs441-assignment7";
				PRODUCT_NAME = "$(TARGET_NAME)";
				TARGETED_DEVICE_FAMILY = "1,2";
			};
			name = Release;
		};
/* End XCBuildConfiguration section */

/* Begin XCConfigurationList section */
		239FEE372282202D00361E29 /* Build configuration list for PBXProject "cs441_assignment7" */ = {
			isa = XCConfigurationList;
			buildConfigurations = (
				239FEE562282203100361E29 /* Debug */,
				239FEE572282203100361E29 /* Release */,
			);
			defaultConfigurationIsVisible = 0;
			defaultConfigurationName = Release;
		};
		239FEE582282203100361E29 /* Build configuration list for PBXNativeTarget "cs441_assignment7" */ = {
			isa = XCConfigurationList;
			buildConfigurations = (
				239FEE592282203100361E29 /* Debug */,
				239FEE5A2282203100361E29 /* Release */,
			);
			defaultConfigurationIsVisible = 0;
			defaultConfigurationName = Release;
		};
/* End XCConfigurationList section */
	};
	rootObject = 239FEE342282202D00361E29 /* Project object */;
}
